{
  "name": "chronark.com",
  "version": "0.1.0",
  "lockfileVersion": 1,
  "requires": true,
  "dependencies": {
    "pnpm": {
      "version": "8.6.3",
      "resolved": "https://registry.npmjs.org/pnpm/-/pnpm-8.6.3.tgz",
      "integrity": "sha512-0Y4neugHIJEEa8y8oJMfd9wwgHkc1hIq6JC/UEEl2K92s3+zPaKH26n7u22m67E+MU6fpKRkx+/+PYWZzr5yQw=="
    }
  }
}
